// !$*UTF8*$!
{
	archiveVersion = 1;
	classes = {
	};
	objectVersion = 70;
	objects = {

/* Begin PBXBuildFile section */
		27393CDA2C51D5D100BA5C16 /* WebKit.framework in Frameworks */ = {isa = PBXBuildFile; fileRef = 27393CCE2C51CB9D00BA5C16 /* WebKit.framework */; };
/* End PBXBuildFile section */

/* Begin PBXContainerItemProxy section */
		27393CB12C51CA5700BA5C16 /* PBXContainerItemProxy */ = {
			isa = PBXContainerItemProxy;
			containerPortal = 27393C972C51CA5400BA5C16 /* Project object */;
			proxyType = 1;
			remoteGlobalIDString = 27393C9E2C51CA5400BA5C16;
			remoteInfo = "Responsive Device Tester";
		};
		27393CBB2C51CA5700BA5C16 /* PBXContainerItemProxy */ = {
			isa = PBXContainerItemProxy;
			containerPortal = 27393C972C51CA5400BA5C16 /* Project object */;
			proxyType = 1;
			remoteGlobalIDString = 27393C9E2C51CA5400BA5C16;
			remoteInfo = "Responsive Device Tester";
		};
/* End PBXContainerItemProxy section */

/* Begin PBXFileReference section */
		27393C9F2C51CA5400BA5C16 /* Responsive Device Tester.app */ = {isa = PBXFileReference; explicitFileType = wrapper.application; includeInIndex = 0; path = "Responsive Device Tester.app"; sourceTree = BUILT_PRODUCTS_DIR; };
		27393CB02C51CA5700BA5C16 /* Responsive Device TesterTests.xctest */ = {isa = PBXFileReference; explicitFileType = wrapper.cfbundle; includeInIndex = 0; path = "Responsive Device TesterTests.xctest"; sourceTree = BUILT_PRODUCTS_DIR; };
		27393CBA2C51CA5700BA5C16 /* Responsive Device TesterUITests.xctest */ = {isa = PBXFileReference; explicitFileType = wrapper.cfbundle; includeInIndex = 0; path = "Responsive Device TesterUITests.xctest"; sourceTree = BUILT_PRODUCTS_DIR; };
		27393CCE2C51CB9D00BA5C16 /* WebKit.framework */ = {isa = PBXFileReference; lastKnownFileType = wrapper.framework; name = WebKit.framework; path = ../../../../System/Volumes/Preboot/Cryptexes/OS/System/Library/Frameworks/WebKit.framework; sourceTree = "<group>"; };
/* End PBXFileReference section */

/* Begin PBXFileSystemSynchronizedRootGroup section */
		27393CA12C51CA5400BA5C16 /* Responsive Device Tester */ = {isa = PBXFileSystemSynchronizedRootGroup; explicitFileTypes = {}; explicitFolders = (); path = "Responsive Device Tester"; sourceTree = "<group>"; };
		27393CB32C51CA5700BA5C16 /* Responsive Device TesterTests */ = {isa = PBXFileSystemSynchronizedRootGroup; explicitFileTypes = {}; explicitFolders = (); path = "Responsive Device TesterTests"; sourceTree = "<group>"; };
		27393CBD2C51CA5700BA5C16 /* Responsive Device TesterUITests */ = {isa = PBXFileSystemSynchronizedRootGroup; explicitFileTypes = {}; explicitFolders = (); path = "Responsive Device TesterUITests"; sourceTree = "<group>"; };
/* End PBXFileSystemSynchronizedRootGroup section */

/* Begin PBXFrameworksBuildPhase section */
		27393C9C2C51CA5400BA5C16 /* Frameworks */ = {
			isa = PBXFrameworksBuildPhase;
			buildActionMask = 2147483647;
			files = (
				27393CDA2C51D5D100BA5C16 /* WebKit.framework in Frameworks */,
			);
			runOnlyForDeploymentPostprocessing = 0;
		};
		27393CAD2C51CA5700BA5C16 /* Frameworks */ = {
			isa = PBXFrameworksBuildPhase;
			buildActionMask = 2147483647;
			files = (
			);
			runOnlyForDeploymentPostprocessing = 0;
		};
		27393CB72C51CA5700BA5C16 /* Frameworks */ = {
			isa = PBXFrameworksBuildPhase;
			buildActionMask = 2147483647;
			files = (
			);
			runOnlyForDeploymentPostprocessing = 0;
		};
/* End PBXFrameworksBuildPhase section */

/* Begin PBXGroup section */
		27393C962C51CA5400BA5C16 = {
			isa = PBXGroup;
			children = (
				27393CA12C51CA5400BA5C16 /* Responsive Device Tester */,
				27393CB32C51CA5700BA5C16 /* Responsive Device TesterTests */,
				27393CBD2C51CA5700BA5C16 /* Responsive Device TesterUITests */,
				27393CA02C51CA5400BA5C16 /* Products */,
				27393CCD2C51CB5300BA5C16 /* Frameworks */,
			);
			sourceTree = "<group>";
		};
		27393CA02C51CA5400BA5C16 /* Products */ = {
			isa = PBXGroup;
			children = (
				27393C9F2C51CA5400BA5C16 /* Responsive Device Tester.app */,
				27393CB02C51CA5700BA5C16 /* Responsive Device TesterTests.xctest */,
				27393CBA2C51CA5700BA5C16 /* Responsive Device TesterUITests.xctest */,
			);
			name = Products;
			sourceTree = "<group>";
		};
		27393CCD2C51CB5300BA5C16 /* Frameworks */ = {
			isa = PBXGroup;
			children = (
				27393CCE2C51CB9D00BA5C16 /* WebKit.framework */,
			);
			name = Frameworks;
			sourceTree = "<group>";
		};
/* End PBXGroup section */

/* Begin PBXNativeTarget section */
		27393C9E2C51CA5400BA5C16 /* Responsive Device Tester */ = {
			isa = PBXNativeTarget;
			buildConfigurationList = 27393CC42C51CA5700BA5C16 /* Build configuration list for PBXNativeTarget "Responsive Device Tester" */;
			buildPhases = (
				27393C9B2C51CA5400BA5C16 /* Sources */,
				27393C9C2C51CA5400BA5C16 /* Frameworks */,
				27393C9D2C51CA5400BA5C16 /* Resources */,
			);
			buildRules = (
			);
			dependencies = (
			);
			fileSystemSynchronizedGroups = (
				27393CA12C51CA5400BA5C16 /* Responsive Device Tester */,
			);
			name = "Responsive Device Tester";
			packageProductDependencies = (
			);
			productName = "Responsive Device Tester";
			productReference = 27393C9F2C51CA5400BA5C16 /* Responsive Device Tester.app */;
			productType = "com.apple.product-type.application";
		};
		27393CAF2C51CA5700BA5C16 /* Responsive Device TesterTests */ = {
			isa = PBXNativeTarget;
			buildConfigurationList = 27393CC72C51CA5700BA5C16 /* Build configuration list for PBXNativeTarget "Responsive Device TesterTests" */;
			buildPhases = (
				27393CAC2C51CA5700BA5C16 /* Sources */,
				27393CAD2C51CA5700BA5C16 /* Frameworks */,
				27393CAE2C51CA5700BA5C16 /* Resources */,
			);
			buildRules = (
			);
			dependencies = (
				27393CB22C51CA5700BA5C16 /* PBXTargetDependency */,
			);
			fileSystemSynchronizedGroups = (
				27393CB32C51CA5700BA5C16 /* Responsive Device TesterTests */,
			);
			name = "Responsive Device TesterTests";
			packageProductDependencies = (
			);
			productName = "Responsive Device TesterTests";
			productReference = 27393CB02C51CA5700BA5C16 /* Responsive Device TesterTests.xctest */;
			productType = "com.apple.product-type.bundle.unit-test";
		};
		27393CB92C51CA5700BA5C16 /* Responsive Device TesterUITests */ = {
			isa = PBXNativeTarget;
			buildConfigurationList = 27393CCA2C51CA5700BA5C16 /* Build configuration list for PBXNativeTarget "Responsive Device TesterUITests" */;
			buildPhases = (
				27393CB62C51CA5700BA5C16 /* Sources */,
				27393CB72C51CA5700BA5C16 /* Frameworks */,
				27393CB82C51CA5700BA5C16 /* Resources */,
			);
			buildRules = (
			);
			dependencies = (
				27393CBC2C51CA5700BA5C16 /* PBXTargetDependency */,
			);
			fileSystemSynchronizedGroups = (
				27393CBD2C51CA5700BA5C16 /* Responsive Device TesterUITests */,
			);
			name = "Responsive Device TesterUITests";
			packageProductDependencies = (
			);
			productName = "Responsive Device TesterUITests";
			productReference = 27393CBA2C51CA5700BA5C16 /* Responsive Device TesterUITests.xctest */;
			productType = "com.apple.product-type.bundle.ui-testing";
		};
/* End PBXNativeTarget section */

/* Begin PBXProject section */
		27393C972C51CA5400BA5C16 /* Project object */ = {
			isa = PBXProject;
			attributes = {
				BuildIndependentTargetsInParallel = 1;
				LastSwiftUpdateCheck = 1600;
				LastUpgradeCheck = 1600;
				TargetAttributes = {
					27393C9E2C51CA5400BA5C16 = {
						CreatedOnToolsVersion = 16.0;
					};
					27393CAF2C51CA5700BA5C16 = {
						CreatedOnToolsVersion = 16.0;
						TestTargetID = 27393C9E2C51CA5400BA5C16;
					};
					27393CB92C51CA5700BA5C16 = {
						CreatedOnToolsVersion = 16.0;
						TestTargetID = 27393C9E2C51CA5400BA5C16;
					};
				};
			};
			buildConfigurationList = 27393C9A2C51CA5400BA5C16 /* Build configuration list for PBXProject "Responsive Device Tester" */;
			compatibilityVersion = "Xcode 15.0";
			developmentRegion = en;
			hasScannedForEncodings = 0;
			knownRegions = (
				en,
				Base,
			);
			mainGroup = 27393C962C51CA5400BA5C16;
			productRefGroup = 27393CA02C51CA5400BA5C16 /* Products */;
			projectDirPath = "";
			projectRoot = "";
			targets = (
				27393C9E2C51CA5400BA5C16 /* Responsive Device Tester */,
				27393CAF2C51CA5700BA5C16 /* Responsive Device TesterTests */,
				27393CB92C51CA5700BA5C16 /* Responsive Device TesterUITests */,
			);
		};
/* End PBXProject section */

/* Begin PBXResourcesBuildPhase section */
		27393C9D2C51CA5400BA5C16 /* Resources */ = {
			isa = PBXResourcesBuildPhase;
			buildActionMask = 2147483647;
			files = (
			);
			runOnlyForDeploymentPostprocessing = 0;
		};
		27393CAE2C51CA5700BA5C16 /* Resources */ = {
			isa = PBXResourcesBuildPhase;
			buildActionMask = 2147483647;
			files = (
			);
			runOnlyForDeploymentPostprocessing = 0;
		};
		27393CB82C51CA5700BA5C16 /* Resources */ = {
			isa = PBXResourcesBuildPhase;
			buildActionMask = 2147483647;
			files = (
			);
			runOnlyForDeploymentPostprocessing = 0;
		};
/* End PBXResourcesBuildPhase section */

/* Begin PBXSourcesBuildPhase section */
		27393C9B2C51CA5400BA5C16 /* Sources */ = {
			isa = PBXSourcesBuildPhase;
			buildActionMask = 2147483647;
			files = (
			);
			runOnlyForDeploymentPostprocessing = 0;
		};
		27393CAC2C51CA5700BA5C16 /* Sources */ = {
			isa = PBXSourcesBuildPhase;
			buildActionMask = 2147483647;
			files = (
			);
			runOnlyForDeploymentPostprocessing = 0;
		};
		27393CB62C51CA5700BA5C16 /* Sources */ = {
			isa = PBXSourcesBuildPhase;
			buildActionMask = 2147483647;
			files = (
			);
			runOnlyForDeploymentPostprocessing = 0;
		};
/* End PBXSourcesBuildPhase section */

/* Begin PBXTargetDependency section */
		27393CB22C51CA5700BA5C16 /* PBXTargetDependency */ = {
			isa = PBXTargetDependency;
			target = 27393C9E2C51CA5400BA5C16 /* Responsive Device Tester */;
			targetProxy = 27393CB12C51CA5700BA5C16 /* PBXContainerItemProxy */;
		};
		27393CBC2C51CA5700BA5C16 /* PBXTargetDependency */ = {
			isa = PBXTargetDependency;
			target = 27393C9E2C51CA5400BA5C16 /* Responsive Device Tester */;
			targetProxy = 27393CBB2C51CA5700BA5C16 /* PBXContainerItemProxy */;
		};
/* End PBXTargetDependency section */

/* Begin XCBuildConfiguration section */
		27393CC22C51CA5700BA5C16 /* Debug */ = {
			isa = XCBuildConfiguration;
			buildSettings = {
				ALWAYS_SEARCH_USER_PATHS = NO;
				ASSETCATALOG_COMPILER_GENERATE_SWIFT_ASSET_SYMBOL_EXTENSIONS = YES;
				CLANG_ANALYZER_NONNULL = YES;
				CLANG_ANALYZER_NUMBER_OBJECT_CONVERSION = YES_AGGRESSIVE;
				CLANG_CXX_LANGUAGE_STANDARD = "gnu++20";
				CLANG_ENABLE_MODULES = YES;
				CLANG_ENABLE_OBJC_ARC = YES;
				CLANG_ENABLE_OBJC_WEAK = YES;
				CLANG_WARN_BLOCK_CAPTURE_AUTORELEASING = YES;
				CLANG_WARN_BOOL_CONVERSION = YES;
				CLANG_WARN_COMMA = YES;
				CLANG_WARN_CONSTANT_CONVERSION = YES;
				CLANG_WARN_DEPRECATED_OBJC_IMPLEMENTATIONS = YES;
				CLANG_WARN_DIRECT_OBJC_ISA_USAGE = YES_ERROR;
				CLANG_WARN_DOCUMENTATION_COMMENTS = YES;
				CLANG_WARN_EMPTY_BODY = YES;
				CLANG_WARN_ENUM_CONVERSION = YES;
				CLANG_WARN_INFINITE_RECURSION = YES;
				CLANG_WARN_INT_CONVERSION = YES;
				CLANG_WARN_NON_LITERAL_NULL_CONVERSION = YES;
				CLANG_WARN_OBJC_IMPLICIT_RETAIN_SELF = YES;
				CLANG_WARN_OBJC_LITERAL_CONVERSION = YES;
				CLANG_WARN_OBJC_ROOT_CLASS = YES_ERROR;
				CLANG_WARN_QUOTED_INCLUDE_IN_FRAMEWORK_HEADER = YES;
				CLANG_WARN_RANGE_LOOP_ANALYSIS = YES;
				CLANG_WARN_STRICT_PROTOTYPES = YES;
				CLANG_WARN_SUSPICIOUS_MOVE = YES;
				CLANG_WARN_UNGUARDED_AVAILABILITY = YES_AGGRESSIVE;
				CLANG_WARN_UNREACHABLE_CODE = YES;
				CLANG_WARN__DUPLICATE_METHOD_MATCH = YES;
				COPY_PHASE_STRIP = NO;
				DEBUG_INFORMATION_FORMAT = dwarf;
				ENABLE_STRICT_OBJC_MSGSEND = YES;
				ENABLE_TESTABILITY = YES;
				ENABLE_USER_SCRIPT_SANDBOXING = YES;
				GCC_C_LANGUAGE_STANDARD = gnu17;
				GCC_DYNAMIC_NO_PIC = NO;
				GCC_NO_COMMON_BLOCKS = YES;
				GCC_OPTIMIZATION_LEVEL = 0;
				GCC_PREPROCESSOR_DEFINITIONS = (
					"DEBUG=1",
					"$(inherited)",
				);
				GCC_WARN_64_TO_32_BIT_CONVERSION = YES;
				GCC_WARN_ABOUT_RETURN_TYPE = YES_ERROR;
				GCC_WARN_UNDECLARED_SELECTOR = YES;
				GCC_WARN_UNINITIALIZED_AUTOS = YES_AGGRESSIVE;
				GCC_WARN_UNUSED_FUNCTION = YES;
				GCC_WARN_UNUSED_VARIABLE = YES;
				LOCALIZATION_PREFERS_STRING_CATALOGS = YES;
				MACOSX_DEPLOYMENT_TARGET = 15.0;
				MTL_ENABLE_DEBUG_INFO = INCLUDE_SOURCE;
				MTL_FAST_MATH = YES;
				ONLY_ACTIVE_ARCH = YES;
				SDKROOT = macosx;
				SWIFT_ACTIVE_COMPILATION_CONDITIONS = "DEBUG $(inherited)";
				SWIFT_OPTIMIZATION_LEVEL = "-Onone";
			};
			name = Debug;
		};
		27393CC32C51CA5700BA5C16 /* Release */ = {
			isa = XCBuildConfiguration;
			buildSettings = {
				ALWAYS_SEARCH_USER_PATHS = NO;
				ASSETCATALOG_COMPILER_GENERATE_SWIFT_ASSET_SYMBOL_EXTENSIONS = YES;
				CLANG_ANALYZER_NONNULL = YES;
				CLANG_ANALYZER_NUMBER_OBJECT_CONVERSION = YES_AGGRESSIVE;
				CLANG_CXX_LANGUAGE_STANDARD = "gnu++20";
				CLANG_ENABLE_MODULES = YES;
				CLANG_ENABLE_OBJC_ARC = YES;
				CLANG_ENABLE_OBJC_WEAK = YES;
				CLANG_WARN_BLOCK_CAPTURE_AUTORELEASING = YES;
				CLANG_WARN_BOOL_CONVERSION = YES;
				CLANG_WARN_COMMA = YES;
				CLANG_WARN_CONSTANT_CONVERSION = YES;
				CLANG_WARN_DEPRECATED_OBJC_IMPLEMENTATIONS = YES;
				CLANG_WARN_DIRECT_OBJC_ISA_USAGE = YES_ERROR;
				CLANG_WARN_DOCUMENTATION_COMMENTS = YES;
				CLANG_WARN_EMPTY_BODY = YES;
				CLANG_WARN_ENUM_CONVERSION = YES;
				CLANG_WARN_INFINITE_RECURSION = YES;
				CLANG_WARN_INT_CONVERSION = YES;
				CLANG_WARN_NON_LITERAL_NULL_CONVERSION = YES;
				CLANG_WARN_OBJC_IMPLICIT_RETAIN_SELF = YES;
				CLANG_WARN_OBJC_LITERAL_CONVERSION = YES;
				CLANG_WARN_OBJC_ROOT_CLASS = YES_ERROR;
				CLANG_WARN_QUOTED_INCLUDE_IN_FRAMEWORK_HEADER = YES;
				CLANG_WARN_RANGE_LOOP_ANALYSIS = YES;
				CLANG_WARN_STRICT_PROTOTYPES = YES;
				CLANG_WARN_SUSPICIOUS_MOVE = YES;
				CLANG_WARN_UNGUARDED_AVAILABILITY = YES_AGGRESSIVE;
				CLANG_WARN_UNREACHABLE_CODE = YES;
				CLANG_WARN__DUPLICATE_METHOD_MATCH = YES;
				COPY_PHASE_STRIP = NO;
				DEBUG_INFORMATION_FORMAT = "dwarf-with-dsym";
				ENABLE_NS_ASSERTIONS = NO;
				ENABLE_STRICT_OBJC_MSGSEND = YES;
				ENABLE_USER_SCRIPT_SANDBOXING = YES;
				GCC_C_LANGUAGE_STANDARD = gnu17;
				GCC_NO_COMMON_BLOCKS = YES;
				GCC_WARN_64_TO_32_BIT_CONVERSION = YES;
				GCC_WARN_ABOUT_RETURN_TYPE = YES_ERROR;
				GCC_WARN_UNDECLARED_SELECTOR = YES;
				GCC_WARN_UNINITIALIZED_AUTOS = YES_AGGRESSIVE;
				GCC_WARN_UNUSED_FUNCTION = YES;
				GCC_WARN_UNUSED_VARIABLE = YES;
				LOCALIZATION_PREFERS_STRING_CATALOGS = YES;
				MACOSX_DEPLOYMENT_TARGET = 15.0;
				MTL_ENABLE_DEBUG_INFO = NO;
				MTL_FAST_MATH = YES;
				SDKROOT = macosx;
				SWIFT_COMPILATION_MODE = wholemodule;
			};
			name = Release;
		};
		27393CC52C51CA5700BA5C16 /* Debug */ = {
			isa = XCBuildConfiguration;
			buildSettings = {
				ASSETCATALOG_COMPILER_APPICON_NAME = AppIcon;
				ASSETCATALOG_COMPILER_GLOBAL_ACCENT_COLOR_NAME = AccentColor;
				CODE_SIGN_ENTITLEMENTS = "Responsive Device Tester/Responsive_Device_Tester.entitlements";
				"CODE_SIGN_IDENTITY[sdk=macosx*]" = "Apple Development";
				CODE_SIGN_STYLE = Automatic;
				COMBINE_HIDPI_IMAGES = YES;
				CURRENT_PROJECT_VERSION = 1;
				DEVELOPMENT_ASSET_PATHS = "\"Responsive Device Tester/Preview Content\"";
				DEVELOPMENT_TEAM = ZKGKL5C3QR;
				ENABLE_PREVIEWS = YES;
				GENERATE_INFOPLIST_FILE = YES;
				INFOPLIST_KEY_CFBundleDisplayName = "Responsive Tester";
				INFOPLIST_KEY_NSHumanReadableCopyright = "";
				LD_RUNPATH_SEARCH_PATHS = (
					"$(inherited)",
					"@executable_path/../Frameworks",
				);
				MACOSX_DEPLOYMENT_TARGET = 14.6;
				MARKETING_VERSION = 1.0;
				PRODUCT_BUNDLE_IDENTIFIER = "velhobit.Responsive-Device-Tester";
				PRODUCT_NAME = "$(TARGET_NAME)";
				SWIFT_EMIT_LOC_STRINGS = YES;
				SWIFT_VERSION = 5.0;
			};
			name = Debug;
		};
		27393CC62C51CA5700BA5C16 /* Release */ = {
			isa = XCBuildConfiguration;
			buildSettings = {
				ASSETCATALOG_COMPILER_APPICON_NAME = AppIcon;
				ASSETCATALOG_COMPILER_GLOBAL_ACCENT_COLOR_NAME = AccentColor;
				CODE_SIGN_ENTITLEMENTS = "Responsive Device Tester/Responsive_Device_Tester.entitlements";
				"CODE_SIGN_IDENTITY[sdk=macosx*]" = "Apple Development";
				CODE_SIGN_STYLE = Automatic;
				COMBINE_HIDPI_IMAGES = YES;
				CURRENT_PROJECT_VERSION = 1;
				DEVELOPMENT_ASSET_PATHS = "\"Responsive Device Tester/Preview Content\"";
				DEVELOPMENT_TEAM = ZKGKL5C3QR;
				ENABLE_PREVIEWS = YES;
				GENERATE_INFOPLIST_FILE = YES;
				INFOPLIST_KEY_CFBundleDisplayName = "Responsive Tester";
				INFOPLIST_KEY_NSHumanReadableCopyright = "";
				LD_RUNPATH_SEARCH_PATHS = (
					"$(inherited)",
					"@executable_path/../Frameworks",
				);
				MACOSX_DEPLOYMENT_TARGET = 14.6;
				MARKETING_VERSION = 1.0;
				PRODUCT_BUNDLE_IDENTIFIER = "velhobit.Responsive-Device-Tester";
				PRODUCT_NAME = "$(TARGET_NAME)";
				SWIFT_EMIT_LOC_STRINGS = YES;
				SWIFT_VERSION = 5.0;
			};
			name = Release;
		};
		27393CC82C51CA5700BA5C16 /* Debug */ = {
			isa = XCBuildConfiguration;
			buildSettings = {
				BUNDLE_LOADER = "$(TEST_HOST)";
				CODE_SIGN_STYLE = Automatic;
				CURRENT_PROJECT_VERSION = 1;
				GENERATE_INFOPLIST_FILE = YES;
				MACOSX_DEPLOYMENT_TARGET = 15.0;
				MARKETING_VERSION = 1.0;
				PRODUCT_BUNDLE_IDENTIFIER = "velhobit.Responsive-Device-TesterTests";
				PRODUCT_NAME = "$(TARGET_NAME)";
				SWIFT_EMIT_LOC_STRINGS = NO;
				SWIFT_VERSION = 5.0;
				TEST_HOST = "$(BUILT_PRODUCTS_DIR)/Responsive Device Tester.app/$(BUNDLE_EXECUTABLE_FOLDER_PATH)/Responsive Device Tester";
			};
			name = Debug;
		};
		27393CC92C51CA5700BA5C16 /* Release */ = {
			isa = XCBuildConfiguration;
			buildSettings = {
				BUNDLE_LOADER = "$(TEST_HOST)";
				CODE_SIGN_STYLE = Automatic;
				CURRENT_PROJECT_VERSION = 1;
				GENERATE_INFOPLIST_FILE = YES;
				MACOSX_DEPLOYMENT_TARGET = 15.0;
				MARKETING_VERSION = 1.0;
				PRODUCT_BUNDLE_IDENTIFIER = "velhobit.Responsive-Device-TesterTests";
				PRODUCT_NAME = "$(TARGET_NAME)";
				SWIFT_EMIT_LOC_STRINGS = NO;
				SWIFT_VERSION = 5.0;
				TEST_HOST = "$(BUILT_PRODUCTS_DIR)/Responsive Device Tester.app/$(BUNDLE_EXECUTABLE_FOLDER_PATH)/Responsive Device Tester";
			};
			name = Release;
		};
		27393CCB2C51CA5700BA5C16 /* Debug */ = {
			isa = XCBuildConfiguration;
			buildSettings = {
				CODE_SIGN_STYLE = Automatic;
				CURRENT_PROJECT_VERSION = 1;
				GENERATE_INFOPLIST_FILE = YES;
				MARKETING_VERSION = 1.0;
				PRODUCT_BUNDLE_IDENTIFIER = "velhobit.Responsive-Device-TesterUITests";
				PRODUCT_NAME = "$(TARGET_NAME)";
				SWIFT_EMIT_LOC_STRINGS = NO;
				SWIFT_VERSION = 5.0;
				TEST_TARGET_NAME = "Responsive Device Tester";
			};
			name = Debug;
		};
		27393CCC2C51CA5700BA5C16 /* Release */ = {
			isa = XCBuildConfiguration;
			buildSettings = {
				CODE_SIGN_STYLE = Automatic;
				CURRENT_PROJECT_VERSION = 1;
				GENERATE_INFOPLIST_FILE = YES;
				MARKETING_VERSION = 1.0;
				PRODUCT_BUNDLE_IDENTIFIER = "velhobit.Responsive-Device-TesterUITests";
				PRODUCT_NAME = "$(TARGET_NAME)";
				SWIFT_EMIT_LOC_STRINGS = NO;
				SWIFT_VERSION = 5.0;
				TEST_TARGET_NAME = "Responsive Device Tester";
			};
			name = Release;
		};
/* End XCBuildConfiguration section */

/* Begin XCConfigurationList section */
		27393C9A2C51CA5400BA5C16 /* Build configuration list for PBXProject "Responsive Device Tester" */ = {
			isa = XCConfigurationList;
			buildConfigurations = (
				27393CC22C51CA5700BA5C16 /* Debug */,
				27393CC32C51CA5700BA5C16 /* Release */,
			);
			defaultConfigurationIsVisible = 0;
			defaultConfigurationName = Release;
		};
		27393CC42C51CA5700BA5C16 /* Build configuration list for PBXNativeTarget "Responsive Device Tester" */ = {
			isa = XCConfigurationList;
			buildConfigurations = (
				27393CC52C51CA5700BA5C16 /* Debug */,
				27393CC62C51CA5700BA5C16 /* Release */,
			);
			defaultConfigurationIsVisible = 0;
			defaultConfigurationName = Release;
		};
		27393CC72C51CA5700BA5C16 /* Build configuration list for PBXNativeTarget "Responsive Device TesterTests" */ = {
			isa = XCConfigurationList;
			buildConfigurations = (
				27393CC82C51CA5700BA5C16 /* Debug */,
				27393CC92C51CA5700BA5C16 /* Release */,
			);
			defaultConfigurationIsVisible = 0;
			defaultConfigurationName = Release;
		};
		27393CCA2C51CA5700BA5C16 /* Build configuration list for PBXNativeTarget "Responsive Device TesterUITests" */ = {
			isa = XCConfigurationList;
			buildConfigurations = (
				27393CCB2C51CA5700BA5C16 /* Debug */,
				27393CCC2C51CA5700BA5C16 /* Release */,
			);
			defaultConfigurationIsVisible = 0;
			defaultConfigurationName = Release;
		};
/* End XCConfigurationList section */
	};
	rootObject = 27393C972C51CA5400BA5C16 /* Project object */;
}
